
Microsoft Visual Studio Solution File, Format Version 12.00
# Visual Studio 15
VisualStudioVersion = 15.0.28307.106
MinimumVisualStudioVersion = 10.0.40219.1
Project("{FAE04EC0-301F-11D3-BF4B-00C04F79EFBC}") = "NewUsers", "NewUsers\NewUsers.csproj", "{6B37CCAB-F9AA-41B4-B3D4-BBF64DF10E4B}"
EndProject
Global
	GlobalSection(SolutionConfigurationPlatforms) = preSolution
		Debug|Any CPU = Debug|Any CPU
		Release|Any CPU = Release|Any CPU
	EndGlobalSection
	GlobalSection(ProjectConfigurationPlatforms) = postSolution
		{6B37CCAB-F9AA-41B4-B3D4-BBF64DF10E4B}.Debug|Any CPU.ActiveCfg = Debug|Any CPU
		{6B37CCAB-F9AA-41B4-B3D4-BBF64DF10E4B}.Debug|Any CPU.Build.0 = Debug|Any CPU
		{6B37CCAB-F9AA-41B4-B3D4-BBF64DF10E4B}.Release|Any CPU.ActiveCfg = Release|Any CPU
		{6B37CCAB-F9AA-41B4-B3D4-BBF64DF10E4B}.Release|Any CPU.Build.0 = Release|Any CPU
	EndGlobalSection
	GlobalSection(SolutionProperties) = preSolution
		HideSolutionNode = FALSE
	EndGlobalSection
	GlobalSection(ExtensibilityGlobals) = postSolution
		SolutionGuid = {BA3DACEA-425A-4A98-BA3E-CC96467F49E0}
	EndGlobalSection
EndGlobal
